
Microsoft Visual Studio Solution File, Format Version 12.00
# Visual Studio Version 17
VisualStudioVersion = 17.2.32526.322
MinimumVisualStudioVersion = 10.0.40219.1
Project("{2150E333-8FDC-42A3-9474-1A3956D46DE8}") = "src", "src", "{425506B9-0327-4CF4-922B-19C9DC71C411}"
EndProject
Project("{9A19103F-16F7-4668-BE54-9A1E7A4F7556}") = "RLH.QueryParameters", "src\RLH.QueryParameters\RLH.QueryParameters.csproj", "{EC5D51F5-CA1D-433C-B803-790081C88823}"
EndProject
Project("{9A19103F-16F7-4668-BE54-9A1E7A4F7556}") = "RLH.QueryParameters.ASPNETCore", "src\RLH.QueryParameters.ASPNETCore\RLH.QueryParameters.ASPNETCore.csproj", "{ED573900-513B-4204-BBC4-3AE44AB3FBEC}"
EndProject
Project("{2150E333-8FDC-42A3-9474-1A3956D46DE8}") = "tests", "tests", "{346BD56F-C1AA-4A8B-B931-737A5B28FCDA}"
EndProject
Global
	GlobalSection(SolutionConfigurationPlatforms) = preSolution
		Debug|Any CPU = Debug|Any CPU
		Release|Any CPU = Release|Any CPU
	EndGlobalSection
	GlobalSection(ProjectConfigurationPlatforms) = postSolution
		{EC5D51F5-CA1D-433C-B803-790081C88823}.Debug|Any CPU.ActiveCfg = Debug|Any CPU
		{EC5D51F5-CA1D-433C-B803-790081C88823}.Debug|Any CPU.Build.0 = Debug|Any CPU
		{EC5D51F5-CA1D-433C-B803-790081C88823}.Release|Any CPU.ActiveCfg = Release|Any CPU
		{EC5D51F5-CA1D-433C-B803-790081C88823}.Release|Any CPU.Build.0 = Release|Any CPU
		{ED573900-513B-4204-BBC4-3AE44AB3FBEC}.Debug|Any CPU.ActiveCfg = Debug|Any CPU
		{ED573900-513B-4204-BBC4-3AE44AB3FBEC}.Debug|Any CPU.Build.0 = Debug|Any CPU
		{ED573900-513B-4204-BBC4-3AE44AB3FBEC}.Release|Any CPU.ActiveCfg = Release|Any CPU
		{ED573900-513B-4204-BBC4-3AE44AB3FBEC}.Release|Any CPU.Build.0 = Release|Any CPU
	EndGlobalSection
	GlobalSection(SolutionProperties) = preSolution
		HideSolutionNode = FALSE
	EndGlobalSection
	GlobalSection(NestedProjects) = preSolution
		{EC5D51F5-CA1D-433C-B803-790081C88823} = {425506B9-0327-4CF4-922B-19C9DC71C411}
		{ED573900-513B-4204-BBC4-3AE44AB3FBEC} = {425506B9-0327-4CF4-922B-19C9DC71C411}
	EndGlobalSection
	GlobalSection(ExtensibilityGlobals) = postSolution
		SolutionGuid = {33326EF0-3ECF-4EC4-8B9E-1F69DCD001CF}
	EndGlobalSection
EndGlobal
